
Microsoft Visual Studio Solution File, Format Version 12.00
# Visual Studio 2013
VisualStudioVersion = 12.0.31101.0
MinimumVisualStudioVersion = 10.0.40219.1
Project("{FAE04EC0-301F-11D3-BF4B-00C04F79EFBC}") = "KSP_zh", "KSP_zh\KSP_zh.csproj", "{B9C139F7-399B-4148-9DC1-2B3A1518C826}"
EndProject
Project("{FAE04EC0-301F-11D3-BF4B-00C04F79EFBC}") = "DTS_zh", "DTS_zh\DTS_zh.csproj", "{71DE13EA-3237-47E3-BFE7-7B12AD946D73}"
EndProject
Project("{FAE04EC0-301F-11D3-BF4B-00C04F79EFBC}") = "DTS_Addon", "DTS_Addon\DTS_Addon.csproj", "{7E05DC0C-7DA6-4691-B258-109AB54617F9}"
EndProject
Global
	GlobalSection(SolutionConfigurationPlatforms) = preSolution
		Debug|Any CPU = Debug|Any CPU
		Release|Any CPU = Release|Any CPU
	EndGlobalSection
	GlobalSection(ProjectConfigurationPlatforms) = postSolution
		{B9C139F7-399B-4148-9DC1-2B3A1518C826}.Debug|Any CPU.ActiveCfg = Debug|Any CPU
		{B9C139F7-399B-4148-9DC1-2B3A1518C826}.Debug|Any CPU.Build.0 = Debug|Any CPU
		{B9C139F7-399B-4148-9DC1-2B3A1518C826}.Release|Any CPU.ActiveCfg = Release|Any CPU
		{B9C139F7-399B-4148-9DC1-2B3A1518C826}.Release|Any CPU.Build.0 = Release|Any CPU
		{71DE13EA-3237-47E3-BFE7-7B12AD946D73}.Debug|Any CPU.ActiveCfg = Debug|Any CPU
		{71DE13EA-3237-47E3-BFE7-7B12AD946D73}.Debug|Any CPU.Build.0 = Debug|Any CPU
		{71DE13EA-3237-47E3-BFE7-7B12AD946D73}.Release|Any CPU.ActiveCfg = Release|Any CPU
		{71DE13EA-3237-47E3-BFE7-7B12AD946D73}.Release|Any CPU.Build.0 = Release|Any CPU
		{7E05DC0C-7DA6-4691-B258-109AB54617F9}.Debug|Any CPU.ActiveCfg = Debug|Any CPU
		{7E05DC0C-7DA6-4691-B258-109AB54617F9}.Debug|Any CPU.Build.0 = Debug|Any CPU
		{7E05DC0C-7DA6-4691-B258-109AB54617F9}.Release|Any CPU.ActiveCfg = Release|Any CPU
		{7E05DC0C-7DA6-4691-B258-109AB54617F9}.Release|Any CPU.Build.0 = Release|Any CPU
	EndGlobalSection
	GlobalSection(SolutionProperties) = preSolution
		HideSolutionNode = FALSE
	EndGlobalSection
EndGlobal
